
Microsoft Visual Studio Solution File, Format Version 12.00
# Visual Studio Version 16
VisualStudioVersion = 16.0.30907.101
MinimumVisualStudioVersion = 10.0.40219.1
Project("{9A19103F-16F7-4668-BE54-9A1E7A4F7556}") = "ConsoleUI", "ConsoleUI\ConsoleUI.csproj", "{105E26DC-3FD4-4F5A-84A4-DE1166B1EDAA}"
EndProject
Project("{9A19103F-16F7-4668-BE54-9A1E7A4F7556}") = "Entities", "Entities\Entities.csproj", "{F3AD8FED-7D42-419D-B11F-9E157B20D4CE}"
EndProject
Project("{9A19103F-16F7-4668-BE54-9A1E7A4F7556}") = "Business", "Business\Business.csproj", "{911D5AD7-8524-47A4-B809-437FD0E69D19}"
EndProject
Project("{9A19103F-16F7-4668-BE54-9A1E7A4F7556}") = "DataAccess", "DataAccess\DataAccess.csproj", "{D83D5502-9C6D-4B8F-9C02-81DAF28F430D}"
EndProject
Project("{FAE04EC0-301F-11D3-BF4B-00C04F79EFBC}") = "Services", "Services\Services.csproj", "{8F49BE7D-7833-4730-8EE2-584C74FDF95E}"
EndProject
Global
	GlobalSection(SolutionConfigurationPlatforms) = preSolution
		Debug|Any CPU = Debug|Any CPU
		Release|Any CPU = Release|Any CPU
	EndGlobalSection
	GlobalSection(ProjectConfigurationPlatforms) = postSolution
		{105E26DC-3FD4-4F5A-84A4-DE1166B1EDAA}.Debug|Any CPU.ActiveCfg = Debug|Any CPU
		{105E26DC-3FD4-4F5A-84A4-DE1166B1EDAA}.Debug|Any CPU.Build.0 = Debug|Any CPU
		{105E26DC-3FD4-4F5A-84A4-DE1166B1EDAA}.Release|Any CPU.ActiveCfg = Release|Any CPU
		{105E26DC-3FD4-4F5A-84A4-DE1166B1EDAA}.Release|Any CPU.Build.0 = Release|Any CPU
		{F3AD8FED-7D42-419D-B11F-9E157B20D4CE}.Debug|Any CPU.ActiveCfg = Debug|Any CPU
		{F3AD8FED-7D42-419D-B11F-9E157B20D4CE}.Debug|Any CPU.Build.0 = Debug|Any CPU
		{F3AD8FED-7D42-419D-B11F-9E157B20D4CE}.Release|Any CPU.ActiveCfg = Release|Any CPU
		{F3AD8FED-7D42-419D-B11F-9E157B20D4CE}.Release|Any CPU.Build.0 = Release|Any CPU
		{911D5AD7-8524-47A4-B809-437FD0E69D19}.Debug|Any CPU.ActiveCfg = Debug|Any CPU
		{911D5AD7-8524-47A4-B809-437FD0E69D19}.Debug|Any CPU.Build.0 = Debug|Any CPU
		{911D5AD7-8524-47A4-B809-437FD0E69D19}.Release|Any CPU.ActiveCfg = Release|Any CPU
		{911D5AD7-8524-47A4-B809-437FD0E69D19}.Release|Any CPU.Build.0 = Release|Any CPU
		{D83D5502-9C6D-4B8F-9C02-81DAF28F430D}.Debug|Any CPU.ActiveCfg = Debug|Any CPU
		{D83D5502-9C6D-4B8F-9C02-81DAF28F430D}.Debug|Any CPU.Build.0 = Debug|Any CPU
		{D83D5502-9C6D-4B8F-9C02-81DAF28F430D}.Release|Any CPU.ActiveCfg = Release|Any CPU
		{D83D5502-9C6D-4B8F-9C02-81DAF28F430D}.Release|Any CPU.Build.0 = Release|Any CPU
		{8F49BE7D-7833-4730-8EE2-584C74FDF95E}.Debug|Any CPU.ActiveCfg = Debug|Any CPU
		{8F49BE7D-7833-4730-8EE2-584C74FDF95E}.Debug|Any CPU.Build.0 = Debug|Any CPU
		{8F49BE7D-7833-4730-8EE2-584C74FDF95E}.Release|Any CPU.ActiveCfg = Release|Any CPU
		{8F49BE7D-7833-4730-8EE2-584C74FDF95E}.Release|Any CPU.Build.0 = Release|Any CPU
	EndGlobalSection
	GlobalSection(SolutionProperties) = preSolution
		HideSolutionNode = FALSE
	EndGlobalSection
	GlobalSection(ExtensibilityGlobals) = postSolution
		SolutionGuid = {D9411CD1-F78E-43FA-A121-82FB68CC2ACD}
	EndGlobalSection
EndGlobal
